
Microsoft Visual Studio Solution File, Format Version 12.00
# Visual Studio Version 17
VisualStudioVersion = 17.1.32421.90
MinimumVisualStudioVersion = 10.0.40219.1
Project("{FAE04EC0-301F-11D3-BF4B-00C04F79EFBC}") = "G", "G\G.csproj", "{F3501D65-07F7-48AD-8266-08FA4FE8A5AE}"
EndProject
Project("{FAE04EC0-301F-11D3-BF4B-00C04F79EFBC}") = "Parser", "Parser\Parser.csproj", "{B5769112-307C-4336-B0E8-CBF88B10F558}"
EndProject
Global
	GlobalSection(SolutionConfigurationPlatforms) = preSolution
		Debug|Any CPU = Debug|Any CPU
		Release|Any CPU = Release|Any CPU
	EndGlobalSection
	GlobalSection(ProjectConfigurationPlatforms) = postSolution
		{F3501D65-07F7-48AD-8266-08FA4FE8A5AE}.Debug|Any CPU.ActiveCfg = Debug|Any CPU
		{F3501D65-07F7-48AD-8266-08FA4FE8A5AE}.Debug|Any CPU.Build.0 = Debug|Any CPU
		{F3501D65-07F7-48AD-8266-08FA4FE8A5AE}.Release|Any CPU.ActiveCfg = Release|Any CPU
		{F3501D65-07F7-48AD-8266-08FA4FE8A5AE}.Release|Any CPU.Build.0 = Release|Any CPU
		{B5769112-307C-4336-B0E8-CBF88B10F558}.Debug|Any CPU.ActiveCfg = Debug|Any CPU
		{B5769112-307C-4336-B0E8-CBF88B10F558}.Debug|Any CPU.Build.0 = Debug|Any CPU
		{B5769112-307C-4336-B0E8-CBF88B10F558}.Release|Any CPU.ActiveCfg = Release|Any CPU
		{B5769112-307C-4336-B0E8-CBF88B10F558}.Release|Any CPU.Build.0 = Release|Any CPU
	EndGlobalSection
	GlobalSection(SolutionProperties) = preSolution
		HideSolutionNode = FALSE
	EndGlobalSection
	GlobalSection(ExtensibilityGlobals) = postSolution
		SolutionGuid = {7D1B44BD-31C4-409E-9591-1BE15CCAF9F0}
	EndGlobalSection
EndGlobal
