
Microsoft Visual Studio Solution File, Format Version 12.00
# Visual Studio Version 17
VisualStudioVersion = 17.1.32421.90
MinimumVisualStudioVersion = 10.0.40219.1
Project("{FAE04EC0-301F-11D3-BF4B-00C04F79EFBC}") = "B", "B\B.csproj", "{03562982-269D-4C20-8FF6-F64EE5FE777B}"
EndProject
Global
	GlobalSection(SolutionConfigurationPlatforms) = preSolution
		Debug|Any CPU = Debug|Any CPU
		Release|Any CPU = Release|Any CPU
	EndGlobalSection
	GlobalSection(ProjectConfigurationPlatforms) = postSolution
		{03562982-269D-4C20-8FF6-F64EE5FE777B}.Debug|Any CPU.ActiveCfg = Debug|Any CPU
		{03562982-269D-4C20-8FF6-F64EE5FE777B}.Debug|Any CPU.Build.0 = Debug|Any CPU
		{03562982-269D-4C20-8FF6-F64EE5FE777B}.Release|Any CPU.ActiveCfg = Release|Any CPU
		{03562982-269D-4C20-8FF6-F64EE5FE777B}.Release|Any CPU.Build.0 = Release|Any CPU
	EndGlobalSection
	GlobalSection(SolutionProperties) = preSolution
		HideSolutionNode = FALSE
	EndGlobalSection
	GlobalSection(ExtensibilityGlobals) = postSolution
		SolutionGuid = {89693EDF-42B7-4950-B392-284CB8DF44FC}
	EndGlobalSection
EndGlobal
